
Microsoft Visual Studio Solution File, Format Version 12.00
# Visual Studio Version 16
VisualStudioVersion = 16.0.30503.244
MinimumVisualStudioVersion = 10.0.40219.1
Project("{FAE04EC0-301F-11D3-BF4B-00C04F79EFBC}") = "Product_Review_Management", "Product_Review_Management\Product_Review_Management.csproj", "{BD9D6DFF-7DD7-4E6F-96E9-F3B7CC09116E}"
EndProject
Global
	GlobalSection(SolutionConfigurationPlatforms) = preSolution
		Debug|Any CPU = Debug|Any CPU
		Release|Any CPU = Release|Any CPU
	EndGlobalSection
	GlobalSection(ProjectConfigurationPlatforms) = postSolution
		{BD9D6DFF-7DD7-4E6F-96E9-F3B7CC09116E}.Debug|Any CPU.ActiveCfg = Debug|Any CPU
		{BD9D6DFF-7DD7-4E6F-96E9-F3B7CC09116E}.Debug|Any CPU.Build.0 = Debug|Any CPU
		{BD9D6DFF-7DD7-4E6F-96E9-F3B7CC09116E}.Release|Any CPU.ActiveCfg = Release|Any CPU
		{BD9D6DFF-7DD7-4E6F-96E9-F3B7CC09116E}.Release|Any CPU.Build.0 = Release|Any CPU
	EndGlobalSection
	GlobalSection(SolutionProperties) = preSolution
		HideSolutionNode = FALSE
	EndGlobalSection
	GlobalSection(ExtensibilityGlobals) = postSolution
		SolutionGuid = {2EC84A8F-5918-48E3-AF50-D673D0EAB2F6}
	EndGlobalSection
EndGlobal
